
Microsoft Visual Studio Solution File, Format Version 12.00
# Visual Studio 2013
VisualStudioVersion = 12.0.31101.0
MinimumVisualStudioVersion = 10.0.40219.1
Project("{FAE04EC0-301F-11D3-BF4B-00C04F79EFBC}") = "RssFeedWin8", "RssFeedWin8\RssFeedWin8.csproj", "{D33F7334-D46C-4D43-AA68-1A1DD32F4418}"
EndProject
Project("{FAE04EC0-301F-11D3-BF4B-00C04F79EFBC}") = "RssFeedCmd", "RssFeedCmd\RssFeedCmd.csproj", "{9EEBD558-E308-44D7-9B40-0D466A909624}"
EndProject
Global
	GlobalSection(TeamFoundationVersionControl) = preSolution
		SccNumberOfProjects = 3
		SccEnterpriseProvider = {4CA58AB2-18FA-4F8D-95D4-32DDF27D184C}
		SccTeamFoundationServer = https://niclerc.visualstudio.com/defaultcollection
		SccProjectUniqueName0 = RssFeedWin8\\RssFeedWin8.csproj
		SccProjectName0 = RssFeedWin8
		SccLocalPath0 = RssFeedWin8
		SccProjectUniqueName1 = RssFeedCmd\\RssFeedCmd.csproj
		SccProjectName1 = RssFeedCmd
		SccLocalPath1 = RssFeedCmd
		SccLocalPath2 = .
	EndGlobalSection
	GlobalSection(SolutionConfigurationPlatforms) = preSolution
		Debug|Any CPU = Debug|Any CPU
		Debug|ARM = Debug|ARM
		Debug|x64 = Debug|x64
		Debug|x86 = Debug|x86
		Release|Any CPU = Release|Any CPU
		Release|ARM = Release|ARM
		Release|x64 = Release|x64
		Release|x86 = Release|x86
	EndGlobalSection
	GlobalSection(ProjectConfigurationPlatforms) = postSolution
		{D33F7334-D46C-4D43-AA68-1A1DD32F4418}.Debug|Any CPU.ActiveCfg = Debug|Any CPU
		{D33F7334-D46C-4D43-AA68-1A1DD32F4418}.Debug|Any CPU.Build.0 = Debug|Any CPU
		{D33F7334-D46C-4D43-AA68-1A1DD32F4418}.Debug|Any CPU.Deploy.0 = Debug|Any CPU
		{D33F7334-D46C-4D43-AA68-1A1DD32F4418}.Debug|ARM.ActiveCfg = Debug|ARM
		{D33F7334-D46C-4D43-AA68-1A1DD32F4418}.Debug|ARM.Build.0 = Debug|ARM
		{D33F7334-D46C-4D43-AA68-1A1DD32F4418}.Debug|ARM.Deploy.0 = Debug|ARM
		{D33F7334-D46C-4D43-AA68-1A1DD32F4418}.Debug|x64.ActiveCfg = Debug|x64
		{D33F7334-D46C-4D43-AA68-1A1DD32F4418}.Debug|x64.Build.0 = Debug|x64
		{D33F7334-D46C-4D43-AA68-1A1DD32F4418}.Debug|x64.Deploy.0 = Debug|x64
		{D33F7334-D46C-4D43-AA68-1A1DD32F4418}.Debug|x86.ActiveCfg = Debug|x86
		{D33F7334-D46C-4D43-AA68-1A1DD32F4418}.Debug|x86.Build.0 = Debug|x86
		{D33F7334-D46C-4D43-AA68-1A1DD32F4418}.Debug|x86.Deploy.0 = Debug|x86
		{D33F7334-D46C-4D43-AA68-1A1DD32F4418}.Release|Any CPU.ActiveCfg = Release|Any CPU
		{D33F7334-D46C-4D43-AA68-1A1DD32F4418}.Release|Any CPU.Build.0 = Release|Any CPU
		{D33F7334-D46C-4D43-AA68-1A1DD32F4418}.Release|Any CPU.Deploy.0 = Release|Any CPU
		{D33F7334-D46C-4D43-AA68-1A1DD32F4418}.Release|ARM.ActiveCfg = Release|ARM
		{D33F7334-D46C-4D43-AA68-1A1DD32F4418}.Release|ARM.Build.0 = Release|ARM
		{D33F7334-D46C-4D43-AA68-1A1DD32F4418}.Release|ARM.Deploy.0 = Release|ARM
		{D33F7334-D46C-4D43-AA68-1A1DD32F4418}.Release|x64.ActiveCfg = Release|x64
		{D33F7334-D46C-4D43-AA68-1A1DD32F4418}.Release|x64.Build.0 = Release|x64
		{D33F7334-D46C-4D43-AA68-1A1DD32F4418}.Release|x64.Deploy.0 = Release|x64
		{D33F7334-D46C-4D43-AA68-1A1DD32F4418}.Release|x86.ActiveCfg = Release|x86
		{D33F7334-D46C-4D43-AA68-1A1DD32F4418}.Release|x86.Build.0 = Release|x86
		{D33F7334-D46C-4D43-AA68-1A1DD32F4418}.Release|x86.Deploy.0 = Release|x86
		{9EEBD558-E308-44D7-9B40-0D466A909624}.Debug|Any CPU.ActiveCfg = Debug|Any CPU
		{9EEBD558-E308-44D7-9B40-0D466A909624}.Debug|Any CPU.Build.0 = Debug|Any CPU
		{9EEBD558-E308-44D7-9B40-0D466A909624}.Debug|ARM.ActiveCfg = Debug|Any CPU
		{9EEBD558-E308-44D7-9B40-0D466A909624}.Debug|x64.ActiveCfg = Debug|Any CPU
		{9EEBD558-E308-44D7-9B40-0D466A909624}.Debug|x86.ActiveCfg = Debug|Any CPU
		{9EEBD558-E308-44D7-9B40-0D466A909624}.Release|Any CPU.ActiveCfg = Release|Any CPU
		{9EEBD558-E308-44D7-9B40-0D466A909624}.Release|Any CPU.Build.0 = Release|Any CPU
		{9EEBD558-E308-44D7-9B40-0D466A909624}.Release|ARM.ActiveCfg = Release|Any CPU
		{9EEBD558-E308-44D7-9B40-0D466A909624}.Release|x64.ActiveCfg = Release|Any CPU
		{9EEBD558-E308-44D7-9B40-0D466A909624}.Release|x86.ActiveCfg = Release|Any CPU
	EndGlobalSection
	GlobalSection(SolutionProperties) = preSolution
		HideSolutionNode = FALSE
	EndGlobalSection
EndGlobal
